
Microsoft Visual Studio Solution File, Format Version 12.00
# Visual Studio Version 17
VisualStudioVersion = 17.7.34024.191
MinimumVisualStudioVersion = 10.0.40219.1
Project("{8BC9CEB8-8B4A-11D0-8D11-00A0C91BC942}") = "LAB6.4it", "LAB6.4it\LAB6.4it.vcxproj", "{DF829D06-875D-457C-8636-C268EB4362DE}"
EndProject
Project("{8BC9CEB8-8B4A-11D0-8D11-00A0C91BC942}") = "UnitTest6.4it", "UnitTest6.4it\UnitTest6.4it.vcxproj", "{F13B9FB6-BE48-4DA3-95DD-5887A261579E}"
EndProject
Global
	GlobalSection(SolutionConfigurationPlatforms) = preSolution
		Debug|x64 = Debug|x64
		Debug|x86 = Debug|x86
		Release|x64 = Release|x64
		Release|x86 = Release|x86
	EndGlobalSection
	GlobalSection(ProjectConfigurationPlatforms) = postSolution
		{DF829D06-875D-457C-8636-C268EB4362DE}.Debug|x64.ActiveCfg = Debug|x64
		{DF829D06-875D-457C-8636-C268EB4362DE}.Debug|x64.Build.0 = Debug|x64
		{DF829D06-875D-457C-8636-C268EB4362DE}.Debug|x86.ActiveCfg = Debug|Win32
		{DF829D06-875D-457C-8636-C268EB4362DE}.Debug|x86.Build.0 = Debug|Win32
		{DF829D06-875D-457C-8636-C268EB4362DE}.Release|x64.ActiveCfg = Release|x64
		{DF829D06-875D-457C-8636-C268EB4362DE}.Release|x64.Build.0 = Release|x64
		{DF829D06-875D-457C-8636-C268EB4362DE}.Release|x86.ActiveCfg = Release|Win32
		{DF829D06-875D-457C-8636-C268EB4362DE}.Release|x86.Build.0 = Release|Win32
		{F13B9FB6-BE48-4DA3-95DD-5887A261579E}.Debug|x64.ActiveCfg = Debug|x64
		{F13B9FB6-BE48-4DA3-95DD-5887A261579E}.Debug|x64.Build.0 = Debug|x64
		{F13B9FB6-BE48-4DA3-95DD-5887A261579E}.Debug|x86.ActiveCfg = Debug|Win32
		{F13B9FB6-BE48-4DA3-95DD-5887A261579E}.Debug|x86.Build.0 = Debug|Win32
		{F13B9FB6-BE48-4DA3-95DD-5887A261579E}.Release|x64.ActiveCfg = Release|x64
		{F13B9FB6-BE48-4DA3-95DD-5887A261579E}.Release|x64.Build.0 = Release|x64
		{F13B9FB6-BE48-4DA3-95DD-5887A261579E}.Release|x86.ActiveCfg = Release|Win32
		{F13B9FB6-BE48-4DA3-95DD-5887A261579E}.Release|x86.Build.0 = Release|Win32
	EndGlobalSection
	GlobalSection(SolutionProperties) = preSolution
		HideSolutionNode = FALSE
	EndGlobalSection
	GlobalSection(ExtensibilityGlobals) = postSolution
		SolutionGuid = {EBAE6018-02F5-452D-AF9E-DA79C06C4177}
	EndGlobalSection
EndGlobal
